
Microsoft Visual Studio Solution File, Format Version 12.00
# Visual Studio Version 16
VisualStudioVersion = 16.0.31019.35
MinimumVisualStudioVersion = 10.0.40219.1
Project("{9A19103F-16F7-4668-BE54-9A1E7A4F7556}") = "SoftUniParking", "SoftUniParking.csproj", "{0EA9C8E9-DCE4-474B-AE6D-A86E0301BFCE}"
EndProject
Global
	GlobalSection(SolutionConfigurationPlatforms) = preSolution
		Debug|Any CPU = Debug|Any CPU
		Release|Any CPU = Release|Any CPU
	EndGlobalSection
	GlobalSection(ProjectConfigurationPlatforms) = postSolution
		{0EA9C8E9-DCE4-474B-AE6D-A86E0301BFCE}.Debug|Any CPU.ActiveCfg = Debug|Any CPU
		{0EA9C8E9-DCE4-474B-AE6D-A86E0301BFCE}.Debug|Any CPU.Build.0 = Debug|Any CPU
		{0EA9C8E9-DCE4-474B-AE6D-A86E0301BFCE}.Release|Any CPU.ActiveCfg = Release|Any CPU
		{0EA9C8E9-DCE4-474B-AE6D-A86E0301BFCE}.Release|Any CPU.Build.0 = Release|Any CPU
	EndGlobalSection
	GlobalSection(SolutionProperties) = preSolution
		HideSolutionNode = FALSE
	EndGlobalSection
	GlobalSection(ExtensibilityGlobals) = postSolution
		SolutionGuid = {9E8FECB3-9811-4E2B-8897-8D243EE0235A}
	EndGlobalSection
EndGlobal
