
Microsoft Visual Studio Solution File, Format Version 12.00
# Visual Studio Version 16
VisualStudioVersion = 16.0.31019.35
MinimumVisualStudioVersion = 10.0.40219.1
Project("{FAE04EC0-301F-11D3-BF4B-00C04F79EFBC}") = "Action_Point", "Action_Point\Action_Point.csproj", "{94FD28B9-FAC0-4DA8-A72A-D058691B35B2}"
EndProject
Project("{FAE04EC0-301F-11D3-BF4B-00C04F79EFBC}") = "Knights_Of_Honour", "Knights_Of_Honour\Knights_Of_Honour.csproj", "{8D47657E-5EC5-4243-A652-D280D28F8C93}"
EndProject
Project("{FAE04EC0-301F-11D3-BF4B-00C04F79EFBC}") = "Custom_Min_Function", "Custom_Min_Function\Custom_Min_Function.csproj", "{7D8292C9-58F9-48B9-A7D6-6DD9EB450AA5}"
EndProject
Project("{FAE04EC0-301F-11D3-BF4B-00C04F79EFBC}") = "Find_Evens_Or_Odds", "Find_Evens_Or_Odds\Find_Evens_Or_Odds.csproj", "{4377FB72-928B-4F6C-9F3B-FBB944ED3803}"
EndProject
Project("{FAE04EC0-301F-11D3-BF4B-00C04F79EFBC}") = "Applied_Arithmetics", "Applied_Arithmetics\Applied_Arithmetics.csproj", "{06656DF3-4C97-4F9F-91A2-BBD694D43C9B}"
EndProject
Project("{FAE04EC0-301F-11D3-BF4B-00C04F79EFBC}") = "Reverse_And_Exclude", "Reverse_And_Exclude\Reverse_And_Exclude.csproj", "{299E6F4A-0963-49B7-90F2-E5614D781C4C}"
EndProject
Project("{FAE04EC0-301F-11D3-BF4B-00C04F79EFBC}") = "Predicate_For_Names", "Predicate_For_Names\Predicate_For_Names.csproj", "{E05B8232-294C-4CBF-9FA1-67FF50C164EB}"
EndProject
Project("{FAE04EC0-301F-11D3-BF4B-00C04F79EFBC}") = "Custom_Comparator", "Custom_Comparator\Custom_Comparator.csproj", "{F5F5C740-7E94-4D05-9734-7B5C23DAE2E4}"
EndProject
Project("{FAE04EC0-301F-11D3-BF4B-00C04F79EFBC}") = "List_Of_Predicates", "List_Of_Predicates\List_Of_Predicates.csproj", "{2FC26AD2-0720-4CA7-89AA-5D0533DE6759}"
EndProject
Global
	GlobalSection(SolutionConfigurationPlatforms) = preSolution
		Debug|Any CPU = Debug|Any CPU
		Release|Any CPU = Release|Any CPU
	EndGlobalSection
	GlobalSection(ProjectConfigurationPlatforms) = postSolution
		{94FD28B9-FAC0-4DA8-A72A-D058691B35B2}.Debug|Any CPU.ActiveCfg = Debug|Any CPU
		{94FD28B9-FAC0-4DA8-A72A-D058691B35B2}.Debug|Any CPU.Build.0 = Debug|Any CPU
		{94FD28B9-FAC0-4DA8-A72A-D058691B35B2}.Release|Any CPU.ActiveCfg = Release|Any CPU
		{94FD28B9-FAC0-4DA8-A72A-D058691B35B2}.Release|Any CPU.Build.0 = Release|Any CPU
		{8D47657E-5EC5-4243-A652-D280D28F8C93}.Debug|Any CPU.ActiveCfg = Debug|Any CPU
		{8D47657E-5EC5-4243-A652-D280D28F8C93}.Debug|Any CPU.Build.0 = Debug|Any CPU
		{8D47657E-5EC5-4243-A652-D280D28F8C93}.Release|Any CPU.ActiveCfg = Release|Any CPU
		{8D47657E-5EC5-4243-A652-D280D28F8C93}.Release|Any CPU.Build.0 = Release|Any CPU
		{7D8292C9-58F9-48B9-A7D6-6DD9EB450AA5}.Debug|Any CPU.ActiveCfg = Debug|Any CPU
		{7D8292C9-58F9-48B9-A7D6-6DD9EB450AA5}.Debug|Any CPU.Build.0 = Debug|Any CPU
		{7D8292C9-58F9-48B9-A7D6-6DD9EB450AA5}.Release|Any CPU.ActiveCfg = Release|Any CPU
		{7D8292C9-58F9-48B9-A7D6-6DD9EB450AA5}.Release|Any CPU.Build.0 = Release|Any CPU
		{4377FB72-928B-4F6C-9F3B-FBB944ED3803}.Debug|Any CPU.ActiveCfg = Debug|Any CPU
		{4377FB72-928B-4F6C-9F3B-FBB944ED3803}.Debug|Any CPU.Build.0 = Debug|Any CPU
		{4377FB72-928B-4F6C-9F3B-FBB944ED3803}.Release|Any CPU.ActiveCfg = Release|Any CPU
		{4377FB72-928B-4F6C-9F3B-FBB944ED3803}.Release|Any CPU.Build.0 = Release|Any CPU
		{06656DF3-4C97-4F9F-91A2-BBD694D43C9B}.Debug|Any CPU.ActiveCfg = Debug|Any CPU
		{06656DF3-4C97-4F9F-91A2-BBD694D43C9B}.Debug|Any CPU.Build.0 = Debug|Any CPU
		{06656DF3-4C97-4F9F-91A2-BBD694D43C9B}.Release|Any CPU.ActiveCfg = Release|Any CPU
		{06656DF3-4C97-4F9F-91A2-BBD694D43C9B}.Release|Any CPU.Build.0 = Release|Any CPU
		{299E6F4A-0963-49B7-90F2-E5614D781C4C}.Debug|Any CPU.ActiveCfg = Debug|Any CPU
		{299E6F4A-0963-49B7-90F2-E5614D781C4C}.Debug|Any CPU.Build.0 = Debug|Any CPU
		{299E6F4A-0963-49B7-90F2-E5614D781C4C}.Release|Any CPU.ActiveCfg = Release|Any CPU
		{299E6F4A-0963-49B7-90F2-E5614D781C4C}.Release|Any CPU.Build.0 = Release|Any CPU
		{E05B8232-294C-4CBF-9FA1-67FF50C164EB}.Debug|Any CPU.ActiveCfg = Debug|Any CPU
		{E05B8232-294C-4CBF-9FA1-67FF50C164EB}.Debug|Any CPU.Build.0 = Debug|Any CPU
		{E05B8232-294C-4CBF-9FA1-67FF50C164EB}.Release|Any CPU.ActiveCfg = Release|Any CPU
		{E05B8232-294C-4CBF-9FA1-67FF50C164EB}.Release|Any CPU.Build.0 = Release|Any CPU
		{F5F5C740-7E94-4D05-9734-7B5C23DAE2E4}.Debug|Any CPU.ActiveCfg = Debug|Any CPU
		{F5F5C740-7E94-4D05-9734-7B5C23DAE2E4}.Debug|Any CPU.Build.0 = Debug|Any CPU
		{F5F5C740-7E94-4D05-9734-7B5C23DAE2E4}.Release|Any CPU.ActiveCfg = Release|Any CPU
		{F5F5C740-7E94-4D05-9734-7B5C23DAE2E4}.Release|Any CPU.Build.0 = Release|Any CPU
		{2FC26AD2-0720-4CA7-89AA-5D0533DE6759}.Debug|Any CPU.ActiveCfg = Debug|Any CPU
		{2FC26AD2-0720-4CA7-89AA-5D0533DE6759}.Debug|Any CPU.Build.0 = Debug|Any CPU
		{2FC26AD2-0720-4CA7-89AA-5D0533DE6759}.Release|Any CPU.ActiveCfg = Release|Any CPU
		{2FC26AD2-0720-4CA7-89AA-5D0533DE6759}.Release|Any CPU.Build.0 = Release|Any CPU
	EndGlobalSection
	GlobalSection(SolutionProperties) = preSolution
		HideSolutionNode = FALSE
	EndGlobalSection
	GlobalSection(ExtensibilityGlobals) = postSolution
		SolutionGuid = {978D5BC9-19E1-4F5F-AF57-B8F05DC7397C}
	EndGlobalSection
EndGlobal
