
Microsoft Visual Studio Solution File, Format Version 12.00
# Visual Studio Version 16
VisualStudioVersion = 16.0.31129.286
MinimumVisualStudioVersion = 10.0.40219.1
Project("{FAE04EC0-301F-11D3-BF4B-00C04F79EFBC}") = "Generic_Box_Of_String", "Generic_Box_Of_String\Generic_Box_Of_String.csproj", "{70C5E1D3-57CC-4723-8A5B-7A5DD917CBD7}"
EndProject
Project("{FAE04EC0-301F-11D3-BF4B-00C04F79EFBC}") = "Tuple", "Tuple\Tuple.csproj", "{4A8BEA39-551B-462A-A322-A6DFBD47274C}"
EndProject
Global
	GlobalSection(SolutionConfigurationPlatforms) = preSolution
		Debug|Any CPU = Debug|Any CPU
		Release|Any CPU = Release|Any CPU
	EndGlobalSection
	GlobalSection(ProjectConfigurationPlatforms) = postSolution
		{70C5E1D3-57CC-4723-8A5B-7A5DD917CBD7}.Debug|Any CPU.ActiveCfg = Debug|Any CPU
		{70C5E1D3-57CC-4723-8A5B-7A5DD917CBD7}.Debug|Any CPU.Build.0 = Debug|Any CPU
		{70C5E1D3-57CC-4723-8A5B-7A5DD917CBD7}.Release|Any CPU.ActiveCfg = Release|Any CPU
		{70C5E1D3-57CC-4723-8A5B-7A5DD917CBD7}.Release|Any CPU.Build.0 = Release|Any CPU
		{4A8BEA39-551B-462A-A322-A6DFBD47274C}.Debug|Any CPU.ActiveCfg = Debug|Any CPU
		{4A8BEA39-551B-462A-A322-A6DFBD47274C}.Debug|Any CPU.Build.0 = Debug|Any CPU
		{4A8BEA39-551B-462A-A322-A6DFBD47274C}.Release|Any CPU.ActiveCfg = Release|Any CPU
		{4A8BEA39-551B-462A-A322-A6DFBD47274C}.Release|Any CPU.Build.0 = Release|Any CPU
	EndGlobalSection
	GlobalSection(SolutionProperties) = preSolution
		HideSolutionNode = FALSE
	EndGlobalSection
	GlobalSection(ExtensibilityGlobals) = postSolution
		SolutionGuid = {06882E36-3824-4C15-AA86-BD8BE6A25491}
	EndGlobalSection
EndGlobal
