
Microsoft Visual Studio Solution File, Format Version 12.00
# Visual Studio Version 16
VisualStudioVersion = 16.0.30804.86
MinimumVisualStudioVersion = 10.0.40219.1
Project("{9A19103F-16F7-4668-BE54-9A1E7A4F7556}") = "Average_Student_Grades", "Average_Student_Grades\Average_Student_Grades.csproj", "{34485F36-29E1-4C50-A831-4B0E9AD44C9F}"
EndProject
Project("{FAE04EC0-301F-11D3-BF4B-00C04F79EFBC}") = "Product_Shop", "Product_Shop\Product_Shop.csproj", "{560E2083-6FCE-49D0-8675-3C979FCF7936}"
EndProject
Project("{FAE04EC0-301F-11D3-BF4B-00C04F79EFBC}") = "Cities_by_Continent_and_Country", "Cities_by_Continent_and_Country\Cities_by_Continent_and_Country.csproj", "{8FC8DD0A-C995-4F48-A6FA-E99FE0671E1A}"
EndProject
Project("{FAE04EC0-301F-11D3-BF4B-00C04F79EFBC}") = "Record_Unique_Names", "Record_Unique_Names\Record_Unique_Names.csproj", "{21C14EC3-C87C-48A4-BC94-877AC8F51BEB}"
EndProject
Project("{FAE04EC0-301F-11D3-BF4B-00C04F79EFBC}") = "Parking_Lot", "Parking_Lot\Parking_Lot.csproj", "{8F39F180-9D7C-4230-891E-A04FCE2FC443}"
EndProject
Project("{FAE04EC0-301F-11D3-BF4B-00C04F79EFBC}") = "SoftUni_Party", "SoftUni_Party\SoftUni_Party.csproj", "{6D7DE6CA-BDA6-41ED-B76A-5B72AED0C4BA}"
EndProject
Global
	GlobalSection(SolutionConfigurationPlatforms) = preSolution
		Debug|Any CPU = Debug|Any CPU
		Release|Any CPU = Release|Any CPU
	EndGlobalSection
	GlobalSection(ProjectConfigurationPlatforms) = postSolution
		{34485F36-29E1-4C50-A831-4B0E9AD44C9F}.Debug|Any CPU.ActiveCfg = Debug|Any CPU
		{34485F36-29E1-4C50-A831-4B0E9AD44C9F}.Debug|Any CPU.Build.0 = Debug|Any CPU
		{34485F36-29E1-4C50-A831-4B0E9AD44C9F}.Release|Any CPU.ActiveCfg = Release|Any CPU
		{34485F36-29E1-4C50-A831-4B0E9AD44C9F}.Release|Any CPU.Build.0 = Release|Any CPU
		{560E2083-6FCE-49D0-8675-3C979FCF7936}.Debug|Any CPU.ActiveCfg = Debug|Any CPU
		{560E2083-6FCE-49D0-8675-3C979FCF7936}.Debug|Any CPU.Build.0 = Debug|Any CPU
		{560E2083-6FCE-49D0-8675-3C979FCF7936}.Release|Any CPU.ActiveCfg = Release|Any CPU
		{560E2083-6FCE-49D0-8675-3C979FCF7936}.Release|Any CPU.Build.0 = Release|Any CPU
		{8FC8DD0A-C995-4F48-A6FA-E99FE0671E1A}.Debug|Any CPU.ActiveCfg = Debug|Any CPU
		{8FC8DD0A-C995-4F48-A6FA-E99FE0671E1A}.Debug|Any CPU.Build.0 = Debug|Any CPU
		{8FC8DD0A-C995-4F48-A6FA-E99FE0671E1A}.Release|Any CPU.ActiveCfg = Release|Any CPU
		{8FC8DD0A-C995-4F48-A6FA-E99FE0671E1A}.Release|Any CPU.Build.0 = Release|Any CPU
		{21C14EC3-C87C-48A4-BC94-877AC8F51BEB}.Debug|Any CPU.ActiveCfg = Debug|Any CPU
		{21C14EC3-C87C-48A4-BC94-877AC8F51BEB}.Debug|Any CPU.Build.0 = Debug|Any CPU
		{21C14EC3-C87C-48A4-BC94-877AC8F51BEB}.Release|Any CPU.ActiveCfg = Release|Any CPU
		{21C14EC3-C87C-48A4-BC94-877AC8F51BEB}.Release|Any CPU.Build.0 = Release|Any CPU
		{8F39F180-9D7C-4230-891E-A04FCE2FC443}.Debug|Any CPU.ActiveCfg = Debug|Any CPU
		{8F39F180-9D7C-4230-891E-A04FCE2FC443}.Debug|Any CPU.Build.0 = Debug|Any CPU
		{8F39F180-9D7C-4230-891E-A04FCE2FC443}.Release|Any CPU.ActiveCfg = Release|Any CPU
		{8F39F180-9D7C-4230-891E-A04FCE2FC443}.Release|Any CPU.Build.0 = Release|Any CPU
		{6D7DE6CA-BDA6-41ED-B76A-5B72AED0C4BA}.Debug|Any CPU.ActiveCfg = Debug|Any CPU
		{6D7DE6CA-BDA6-41ED-B76A-5B72AED0C4BA}.Debug|Any CPU.Build.0 = Debug|Any CPU
		{6D7DE6CA-BDA6-41ED-B76A-5B72AED0C4BA}.Release|Any CPU.ActiveCfg = Release|Any CPU
		{6D7DE6CA-BDA6-41ED-B76A-5B72AED0C4BA}.Release|Any CPU.Build.0 = Release|Any CPU
	EndGlobalSection
	GlobalSection(SolutionProperties) = preSolution
		HideSolutionNode = FALSE
	EndGlobalSection
	GlobalSection(ExtensibilityGlobals) = postSolution
		SolutionGuid = {00DA7691-2495-4A71-B450-46B25CF074A8}
	EndGlobalSection
EndGlobal
