
Microsoft Visual Studio Solution File, Format Version 12.00
# Visual Studio Version 16
VisualStudioVersion = 16.0.31129.286
MinimumVisualStudioVersion = 10.0.40219.1
Project("{FAE04EC0-301F-11D3-BF4B-00C04F79EFBC}") = "Farm", "Farm\Farm.csproj", "{90F40853-8875-4CB0-B382-D42B98D4EFD1}"
EndProject
Project("{FAE04EC0-301F-11D3-BF4B-00C04F79EFBC}") = "CustomRandomList", "CustomRandomList\CustomRandomList.csproj", "{BF6F7542-A08F-45D0-BAE4-A191888A0433}"
EndProject
Project("{FAE04EC0-301F-11D3-BF4B-00C04F79EFBC}") = "CustomStack", "CustomStack\CustomStack.csproj", "{4FBBBF44-570C-4FE3-8F8A-FE4A2E863D48}"
EndProject
Global
	GlobalSection(SolutionConfigurationPlatforms) = preSolution
		Debug|Any CPU = Debug|Any CPU
		Release|Any CPU = Release|Any CPU
	EndGlobalSection
	GlobalSection(ProjectConfigurationPlatforms) = postSolution
		{90F40853-8875-4CB0-B382-D42B98D4EFD1}.Debug|Any CPU.ActiveCfg = Debug|Any CPU
		{90F40853-8875-4CB0-B382-D42B98D4EFD1}.Debug|Any CPU.Build.0 = Debug|Any CPU
		{90F40853-8875-4CB0-B382-D42B98D4EFD1}.Release|Any CPU.ActiveCfg = Release|Any CPU
		{90F40853-8875-4CB0-B382-D42B98D4EFD1}.Release|Any CPU.Build.0 = Release|Any CPU
		{BF6F7542-A08F-45D0-BAE4-A191888A0433}.Debug|Any CPU.ActiveCfg = Debug|Any CPU
		{BF6F7542-A08F-45D0-BAE4-A191888A0433}.Debug|Any CPU.Build.0 = Debug|Any CPU
		{BF6F7542-A08F-45D0-BAE4-A191888A0433}.Release|Any CPU.ActiveCfg = Release|Any CPU
		{BF6F7542-A08F-45D0-BAE4-A191888A0433}.Release|Any CPU.Build.0 = Release|Any CPU
		{4FBBBF44-570C-4FE3-8F8A-FE4A2E863D48}.Debug|Any CPU.ActiveCfg = Debug|Any CPU
		{4FBBBF44-570C-4FE3-8F8A-FE4A2E863D48}.Debug|Any CPU.Build.0 = Debug|Any CPU
		{4FBBBF44-570C-4FE3-8F8A-FE4A2E863D48}.Release|Any CPU.ActiveCfg = Release|Any CPU
		{4FBBBF44-570C-4FE3-8F8A-FE4A2E863D48}.Release|Any CPU.Build.0 = Release|Any CPU
	EndGlobalSection
	GlobalSection(SolutionProperties) = preSolution
		HideSolutionNode = FALSE
	EndGlobalSection
	GlobalSection(ExtensibilityGlobals) = postSolution
		SolutionGuid = {E2A58A03-7100-4EB8-9B8F-92DEC865049E}
	EndGlobalSection
EndGlobal
