
Microsoft Visual Studio Solution File, Format Version 12.00
# Visual Studio Version 16
VisualStudioVersion = 16.0.31313.79
MinimumVisualStudioVersion = 10.0.40219.1
Project("{9A19103F-16F7-4668-BE54-9A1E7A4F7556}") = "Shapes", "Shapes\Shapes.csproj", "{3AA6118B-8CF5-4D4D-9ED1-57F064D20D86}"
EndProject
Project("{FAE04EC0-301F-11D3-BF4B-00C04F79EFBC}") = "Cars", "Cars\Cars.csproj", "{4A6655B6-BDCC-47F6-AEEB-4F598431DF08}"
EndProject
Global
	GlobalSection(SolutionConfigurationPlatforms) = preSolution
		Debug|Any CPU = Debug|Any CPU
		Release|Any CPU = Release|Any CPU
	EndGlobalSection
	GlobalSection(ProjectConfigurationPlatforms) = postSolution
		{3AA6118B-8CF5-4D4D-9ED1-57F064D20D86}.Debug|Any CPU.ActiveCfg = Debug|Any CPU
		{3AA6118B-8CF5-4D4D-9ED1-57F064D20D86}.Debug|Any CPU.Build.0 = Debug|Any CPU
		{3AA6118B-8CF5-4D4D-9ED1-57F064D20D86}.Release|Any CPU.ActiveCfg = Release|Any CPU
		{3AA6118B-8CF5-4D4D-9ED1-57F064D20D86}.Release|Any CPU.Build.0 = Release|Any CPU
		{4A6655B6-BDCC-47F6-AEEB-4F598431DF08}.Debug|Any CPU.ActiveCfg = Debug|Any CPU
		{4A6655B6-BDCC-47F6-AEEB-4F598431DF08}.Debug|Any CPU.Build.0 = Debug|Any CPU
		{4A6655B6-BDCC-47F6-AEEB-4F598431DF08}.Release|Any CPU.ActiveCfg = Release|Any CPU
		{4A6655B6-BDCC-47F6-AEEB-4F598431DF08}.Release|Any CPU.Build.0 = Release|Any CPU
	EndGlobalSection
	GlobalSection(SolutionProperties) = preSolution
		HideSolutionNode = FALSE
	EndGlobalSection
	GlobalSection(ExtensibilityGlobals) = postSolution
		SolutionGuid = {0DFF95DF-5F3F-439F-B880-B0C18B59AC6F}
	EndGlobalSection
EndGlobal
