
Microsoft Visual Studio Solution File, Format Version 12.00
# Visual Studio Version 16
VisualStudioVersion = 16.0.31321.278
MinimumVisualStudioVersion = 10.0.40219.1
Project("{9A19103F-16F7-4668-BE54-9A1E7A4F7556}") = "Vehicles", "Vehicles\Vehicles.csproj", "{9CAEDFB4-5B3C-4AA3-A507-C11F3367AB87}"
EndProject
Project("{FAE04EC0-301F-11D3-BF4B-00C04F79EFBC}") = "Raiding", "Raiding\Raiding.csproj", "{D49E6D45-E64E-491D-9B45-FC6A1891D92F}"
EndProject
Project("{FAE04EC0-301F-11D3-BF4B-00C04F79EFBC}") = "WildFarm", "WildFarm\WildFarm.csproj", "{E43E6684-0D83-471E-99F1-F49E766B9330}"
EndProject
Global
	GlobalSection(SolutionConfigurationPlatforms) = preSolution
		Debug|Any CPU = Debug|Any CPU
		Release|Any CPU = Release|Any CPU
	EndGlobalSection
	GlobalSection(ProjectConfigurationPlatforms) = postSolution
		{9CAEDFB4-5B3C-4AA3-A507-C11F3367AB87}.Debug|Any CPU.ActiveCfg = Debug|Any CPU
		{9CAEDFB4-5B3C-4AA3-A507-C11F3367AB87}.Debug|Any CPU.Build.0 = Debug|Any CPU
		{9CAEDFB4-5B3C-4AA3-A507-C11F3367AB87}.Release|Any CPU.ActiveCfg = Release|Any CPU
		{9CAEDFB4-5B3C-4AA3-A507-C11F3367AB87}.Release|Any CPU.Build.0 = Release|Any CPU
		{D49E6D45-E64E-491D-9B45-FC6A1891D92F}.Debug|Any CPU.ActiveCfg = Debug|Any CPU
		{D49E6D45-E64E-491D-9B45-FC6A1891D92F}.Debug|Any CPU.Build.0 = Debug|Any CPU
		{D49E6D45-E64E-491D-9B45-FC6A1891D92F}.Release|Any CPU.ActiveCfg = Release|Any CPU
		{D49E6D45-E64E-491D-9B45-FC6A1891D92F}.Release|Any CPU.Build.0 = Release|Any CPU
		{E43E6684-0D83-471E-99F1-F49E766B9330}.Debug|Any CPU.ActiveCfg = Debug|Any CPU
		{E43E6684-0D83-471E-99F1-F49E766B9330}.Debug|Any CPU.Build.0 = Debug|Any CPU
		{E43E6684-0D83-471E-99F1-F49E766B9330}.Release|Any CPU.ActiveCfg = Release|Any CPU
		{E43E6684-0D83-471E-99F1-F49E766B9330}.Release|Any CPU.Build.0 = Release|Any CPU
	EndGlobalSection
	GlobalSection(SolutionProperties) = preSolution
		HideSolutionNode = FALSE
	EndGlobalSection
	GlobalSection(ExtensibilityGlobals) = postSolution
		SolutionGuid = {5F2AFC76-FF1D-4114-B7E1-F5016069B13C}
	EndGlobalSection
EndGlobal
